
Microsoft Visual Studio Solution File, Format Version 12.00
# Visual Studio Version 17
VisualStudioVersion = 17.3.32922.545
MinimumVisualStudioVersion = 10.0.40219.1
Project("{9A19103F-16F7-4668-BE54-9A1E7A4F7556}") = "App.UI", "reservations\App.UI.csproj", "{49402202-ADD4-419B-BC39-66DF08BD659C}"
EndProject
Project("{9A19103F-16F7-4668-BE54-9A1E7A4F7556}") = "ReservationCore", "ReservationCore\ReservationCore.csproj", "{8B9176C8-3396-46A0-A687-E3821EFCCCBE}"
EndProject
Global
	GlobalSection(SolutionConfigurationPlatforms) = preSolution
		Debug|Any CPU = Debug|Any CPU
		Release|Any CPU = Release|Any CPU
	EndGlobalSection
	GlobalSection(ProjectConfigurationPlatforms) = postSolution
		{49402202-ADD4-419B-BC39-66DF08BD659C}.Debug|Any CPU.ActiveCfg = Debug|Any CPU
		{49402202-ADD4-419B-BC39-66DF08BD659C}.Debug|Any CPU.Build.0 = Debug|Any CPU
		{49402202-ADD4-419B-BC39-66DF08BD659C}.Release|Any CPU.ActiveCfg = Release|Any CPU
		{49402202-ADD4-419B-BC39-66DF08BD659C}.Release|Any CPU.Build.0 = Release|Any CPU
		{8B9176C8-3396-46A0-A687-E3821EFCCCBE}.Debug|Any CPU.ActiveCfg = Debug|Any CPU
		{8B9176C8-3396-46A0-A687-E3821EFCCCBE}.Debug|Any CPU.Build.0 = Debug|Any CPU
		{8B9176C8-3396-46A0-A687-E3821EFCCCBE}.Release|Any CPU.ActiveCfg = Release|Any CPU
		{8B9176C8-3396-46A0-A687-E3821EFCCCBE}.Release|Any CPU.Build.0 = Release|Any CPU
	EndGlobalSection
	GlobalSection(SolutionProperties) = preSolution
		HideSolutionNode = FALSE
	EndGlobalSection
	GlobalSection(ExtensibilityGlobals) = postSolution
		SolutionGuid = {ADA26039-E9C3-4638-83CD-8A09EB268134}
	EndGlobalSection
EndGlobal
